
Microsoft Visual Studio Solution File, Format Version 12.00
# Visual Studio 15
VisualStudioVersion = 15.0.28307.757
MinimumVisualStudioVersion = 10.0.40219.1
Project("{FAE04EC0-301F-11D3-BF4B-00C04F79EFBC}") = "WinEUDSaveReportWithoutConnectionParams", "ReportingEUDSaveReportWithoutConnectionParams\WinEUDSaveReportWithoutConnectionParams.csproj", "{6356E8D6-4686-4D57-9176-11B0E3693CEF}"
EndProject
Global
	GlobalSection(SolutionConfigurationPlatforms) = preSolution
		Debug|Any CPU = Debug|Any CPU
		Release|Any CPU = Release|Any CPU
	EndGlobalSection
	GlobalSection(ProjectConfigurationPlatforms) = postSolution
		{6356E8D6-4686-4D57-9176-11B0E3693CEF}.Debug|Any CPU.ActiveCfg = Debug|Any CPU
		{6356E8D6-4686-4D57-9176-11B0E3693CEF}.Debug|Any CPU.Build.0 = Debug|Any CPU
		{6356E8D6-4686-4D57-9176-11B0E3693CEF}.Release|Any CPU.ActiveCfg = Release|Any CPU
		{6356E8D6-4686-4D57-9176-11B0E3693CEF}.Release|Any CPU.Build.0 = Release|Any CPU
		EndGlobalSection
	GlobalSection(SolutionProperties) = preSolution
		HideSolutionNode = FALSE
	EndGlobalSection
	GlobalSection(ExtensibilityGlobals) = postSolution
		SolutionGuid = {3DC22A14-ED9A-4B4B-B85F-01E03DBDFE21}
	EndGlobalSection
EndGlobal
